
Microsoft Visual Studio Solution File, Format Version 12.00
# Visual Studio Version 16
VisualStudioVersion = 16.0.30804.86
MinimumVisualStudioVersion = 10.0.40219.1
Project("{8BC9CEB8-8B4A-11D0-8D11-00A0C91BC942}") = "PROJEKT_WINDA", "PROJEKT_WINDA\PROJEKT_WINDA.vcxproj", "{3FE05B06-9CF0-425A-B2C1-4B699CF377CE}"
EndProject
Global
	GlobalSection(SolutionConfigurationPlatforms) = preSolution
		Debug|x64 = Debug|x64
		Debug|x86 = Debug|x86
		Release|x64 = Release|x64
		Release|x86 = Release|x86
	EndGlobalSection
	GlobalSection(ProjectConfigurationPlatforms) = postSolution
		{3FE05B06-9CF0-425A-B2C1-4B699CF377CE}.Debug|x64.ActiveCfg = Debug|x64
		{3FE05B06-9CF0-425A-B2C1-4B699CF377CE}.Debug|x64.Build.0 = Debug|x64
		{3FE05B06-9CF0-425A-B2C1-4B699CF377CE}.Debug|x86.ActiveCfg = Debug|Win32
		{3FE05B06-9CF0-425A-B2C1-4B699CF377CE}.Debug|x86.Build.0 = Debug|Win32
		{3FE05B06-9CF0-425A-B2C1-4B699CF377CE}.Release|x64.ActiveCfg = Release|x64
		{3FE05B06-9CF0-425A-B2C1-4B699CF377CE}.Release|x64.Build.0 = Release|x64
		{3FE05B06-9CF0-425A-B2C1-4B699CF377CE}.Release|x86.ActiveCfg = Release|Win32
		{3FE05B06-9CF0-425A-B2C1-4B699CF377CE}.Release|x86.Build.0 = Release|Win32
	EndGlobalSection
	GlobalSection(SolutionProperties) = preSolution
		HideSolutionNode = FALSE
	EndGlobalSection
	GlobalSection(ExtensibilityGlobals) = postSolution
		SolutionGuid = {67F6CAAD-B6AD-4EE8-8B56-FD27CDFCBC5D}
	EndGlobalSection
EndGlobal
